// !$*UTF8*$!
{
	archiveVersion = 1;
	classes = {
	};
	objectVersion = 50;
	objects = {

/* Begin PBXBuildFile section */
		8C79B00520A493BC00390AB4 /* main.c in Sources */ = {isa = PBXBuildFile; fileRef = 8C79B00420A493BC00390AB4 /* main.c */; };
/* End PBXBuildFile section */

/* Begin PBXCopyFilesBuildPhase section */
		8C79AFFF20A493BC00390AB4 /* CopyFiles */ = {
			isa = PBXCopyFilesBuildPhase;
			buildActionMask = 2147483647;
			dstPath = /usr/share/man/man1/;
			dstSubfolderSpec = 0;
			files = (
			);
			runOnlyForDeploymentPostprocessing = 1;
		};
/* End PBXCopyFilesBuildPhase section */

/* Begin PBXFileReference section */
		8C79B00120A493BC00390AB4 /* adventure */ = {isa = PBXFileReference; explicitFileType = "compiled.mach-o.executable"; includeInIndex = 0; path = adventure; sourceTree = BUILT_PRODUCTS_DIR; };
		8C79B00420A493BC00390AB4 /* main.c */ = {isa = PBXFileReference; lastKnownFileType = sourcecode.c.c; path = main.c; sourceTree = "<group>"; };
		8C79B00B20A493F800390AB4 /* parser.h */ = {isa = PBXFileReference; lastKnownFileType = sourcecode.c.h; name = parser.h; path = ../../../../Downloads/adventure/parser.h; sourceTree = "<group>"; };
		8C79B00C20A493F900390AB4 /* container.h */ = {isa = PBXFileReference; lastKnownFileType = sourcecode.c.h; name = container.h; path = ../../../../Downloads/adventure/container.h; sourceTree = "<group>"; };
		8C79B00D20A493F900390AB4 /* room.h */ = {isa = PBXFileReference; lastKnownFileType = sourcecode.c.h; name = room.h; path = ../../../../Downloads/adventure/room.h; sourceTree = "<group>"; };
		8C79B00E20A493F900390AB4 /* backpack.h */ = {isa = PBXFileReference; lastKnownFileType = sourcecode.c.h; name = backpack.h; path = ../../../../Downloads/adventure/backpack.h; sourceTree = "<group>"; };
		8C79B00F20A493F900390AB4 /* command.h */ = {isa = PBXFileReference; lastKnownFileType = sourcecode.c.h; name = command.h; path = ../../../../Downloads/adventure/command.h; sourceTree = "<group>"; };
		8C79B01020A493F900390AB4 /* world.h */ = {isa = PBXFileReference; lastKnownFileType = sourcecode.c.h; name = world.h; path = ../../../../Downloads/adventure/world.h; sourceTree = "<group>"; };
		8C79B01120A493F900390AB4 /* game.h */ = {isa = PBXFileReference; lastKnownFileType = sourcecode.c.h; name = game.h; path = ../../../../Downloads/adventure/game.h; sourceTree = "<group>"; };
		8C79B01220A493F900390AB4 /* item.h */ = {isa = PBXFileReference; lastKnownFileType = sourcecode.c.h; name = item.h; path = ../../../../Downloads/adventure/item.h; sourceTree = "<group>"; };
/* End PBXFileReference section */

/* Begin PBXFrameworksBuildPhase section */
		8C79AFFE20A493BC00390AB4 /* Frameworks */ = {
			isa = PBXFrameworksBuildPhase;
			buildActionMask = 2147483647;
			files = (
			);
			runOnlyForDeploymentPostprocessing = 0;
		};
/* End PBXFrameworksBuildPhase section */

/* Begin PBXGroup section */
		8C79AFF820A493BC00390AB4 = {
			isa = PBXGroup;
			children = (
				8C79B00320A493BC00390AB4 /* adventure */,
				8C79B00220A493BC00390AB4 /* Products */,
			);
			sourceTree = "<group>";
		};
		8C79B00220A493BC00390AB4 /* Products */ = {
			isa = PBXGroup;
			children = (
				8C79B00120A493BC00390AB4 /* adventure */,
			);
			name = Products;
			sourceTree = "<group>";
		};
		8C79B00320A493BC00390AB4 /* adventure */ = {
			isa = PBXGroup;
			children = (
				8C79B00E20A493F900390AB4 /* backpack.h */,
				8C79B00F20A493F900390AB4 /* command.h */,
				8C79B00C20A493F900390AB4 /* container.h */,
				8C79B01120A493F900390AB4 /* game.h */,
				8C79B01220A493F900390AB4 /* item.h */,
				8C79B00B20A493F800390AB4 /* parser.h */,
				8C79B00D20A493F900390AB4 /* room.h */,
				8C79B01020A493F900390AB4 /* world.h */,
				8C79B00420A493BC00390AB4 /* main.c */,
			);
			path = adventure;
			sourceTree = "<group>";
		};
/* End PBXGroup section */

/* Begin PBXNativeTarget section */
		8C79B00020A493BC00390AB4 /* adventure */ = {
			isa = PBXNativeTarget;
			buildConfigurationList = 8C79B00820A493BC00390AB4 /* Build configuration list for PBXNativeTarget "adventure" */;
			buildPhases = (
				8C79AFFD20A493BC00390AB4 /* Sources */,
				8C79AFFE20A493BC00390AB4 /* Frameworks */,
				8C79AFFF20A493BC00390AB4 /* CopyFiles */,
			);
			buildRules = (
			);
			dependencies = (
			);
			name = adventure;
			productName = adventure;
			productReference = 8C79B00120A493BC00390AB4 /* adventure */;
			productType = "com.apple.product-type.tool";
		};
/* End PBXNativeTarget section */

/* Begin PBXProject section */
		8C79AFF920A493BC00390AB4 /* Project object */ = {
			isa = PBXProject;
			attributes = {
				LastUpgradeCheck = 0930;
				TargetAttributes = {
					8C79B00020A493BC00390AB4 = {
						CreatedOnToolsVersion = 9.3;
					};
				};
			};
			buildConfigurationList = 8C79AFFC20A493BC00390AB4 /* Build configuration list for PBXProject "adventure" */;
			compatibilityVersion = "Xcode 9.3";
			developmentRegion = en;
			hasScannedForEncodings = 0;
			knownRegions = (
				en,
			);
			mainGroup = 8C79AFF820A493BC00390AB4;
			productRefGroup = 8C79B00220A493BC00390AB4 /* Products */;
			projectDirPath = "";
			projectRoot = "";
			targets = (
				8C79B00020A493BC00390AB4 /* adventure */,
			);
		};
/* End PBXProject section */

/* Begin PBXSourcesBuildPhase section */
		8C79AFFD20A493BC00390AB4 /* Sources */ = {
			isa = PBXSourcesBuildPhase;
			buildActionMask = 2147483647;
			files = (
				8C79B00520A493BC00390AB4 /* main.c in Sources */,
			);
			runOnlyForDeploymentPostprocessing = 0;
		};
/* End PBXSourcesBuildPhase section */

/* Begin XCBuildConfiguration section */
		8C79B00620A493BC00390AB4 /* Debug */ = {
			isa = XCBuildConfiguration;
			buildSettings = {
				ALWAYS_SEARCH_USER_PATHS = NO;
				CLANG_ANALYZER_NONNULL = YES;
				CLANG_ANALYZER_NUMBER_OBJECT_CONVERSION = YES_AGGRESSIVE;
				CLANG_CXX_LANGUAGE_STANDARD = "gnu++14";
				CLANG_CXX_LIBRARY = "libc++";
				CLANG_ENABLE_MODULES = YES;
				CLANG_ENABLE_OBJC_ARC = YES;
				CLANG_ENABLE_OBJC_WEAK = YES;
				CLANG_WARN_BLOCK_CAPTURE_AUTORELEASING = YES;
				CLANG_WARN_BOOL_CONVERSION = YES;
				CLANG_WARN_COMMA = YES;
				CLANG_WARN_CONSTANT_CONVERSION = YES;
				CLANG_WARN_DEPRECATED_OBJC_IMPLEMENTATIONS = YES;
				CLANG_WARN_DIRECT_OBJC_ISA_USAGE = YES_ERROR;
				CLANG_WARN_DOCUMENTATION_COMMENTS = YES;
				CLANG_WARN_EMPTY_BODY = YES;
				CLANG_WARN_ENUM_CONVERSION = YES;
				CLANG_WARN_INFINITE_RECURSION = YES;
				CLANG_WARN_INT_CONVERSION = YES;
				CLANG_WARN_NON_LITERAL_NULL_CONVERSION = YES;
				CLANG_WARN_OBJC_IMPLICIT_RETAIN_SELF = YES;
				CLANG_WARN_OBJC_LITERAL_CONVERSION = YES;
				CLANG_WARN_OBJC_ROOT_CLASS = YES_ERROR;
				CLANG_WARN_RANGE_LOOP_ANALYSIS = YES;
				CLANG_WARN_STRICT_PROTOTYPES = YES;
				CLANG_WARN_SUSPICIOUS_MOVE = YES;
				CLANG_WARN_UNGUARDED_AVAILABILITY = YES_AGGRESSIVE;
				CLANG_WARN_UNREACHABLE_CODE = YES;
				CLANG_WARN__DUPLICATE_METHOD_MATCH = YES;
				CODE_SIGN_IDENTITY = "-";
				COPY_PHASE_STRIP = NO;
				DEBUG_INFORMATION_FORMAT = dwarf;
				ENABLE_STRICT_OBJC_MSGSEND = YES;
				ENABLE_TESTABILITY = YES;
				GCC_C_LANGUAGE_STANDARD = gnu11;
				GCC_DYNAMIC_NO_PIC = NO;
				GCC_NO_COMMON_BLOCKS = YES;
				GCC_OPTIMIZATION_LEVEL = 0;
				GCC_PREPROCESSOR_DEFINITIONS = (
					"DEBUG=1",
					"$(inherited)",
				);
				GCC_WARN_64_TO_32_BIT_CONVERSION = YES;
				GCC_WARN_ABOUT_RETURN_TYPE = YES_ERROR;
				GCC_WARN_UNDECLARED_SELECTOR = YES;
				GCC_WARN_UNINITIALIZED_AUTOS = YES_AGGRESSIVE;
				GCC_WARN_UNUSED_FUNCTION = YES;
				GCC_WARN_UNUSED_VARIABLE = YES;
				MACOSX_DEPLOYMENT_TARGET = 10.13;
				MTL_ENABLE_DEBUG_INFO = YES;
				ONLY_ACTIVE_ARCH = YES;
				SDKROOT = macosx;
			};
			name = Debug;
		};
		8C79B00720A493BC00390AB4 /* Release */ = {
			isa = XCBuildConfiguration;
			buildSettings = {
				ALWAYS_SEARCH_USER_PATHS = NO;
				CLANG_ANALYZER_NONNULL = YES;
				CLANG_ANALYZER_NUMBER_OBJECT_CONVERSION = YES_AGGRESSIVE;
				CLANG_CXX_LANGUAGE_STANDARD = "gnu++14";
				CLANG_CXX_LIBRARY = "libc++";
				CLANG_ENABLE_MODULES = YES;
				CLANG_ENABLE_OBJC_ARC = YES;
				CLANG_ENABLE_OBJC_WEAK = YES;
				CLANG_WARN_BLOCK_CAPTURE_AUTORELEASING = YES;
				CLANG_WARN_BOOL_CONVERSION = YES;
				CLANG_WARN_COMMA = YES;
				CLANG_WARN_CONSTANT_CONVERSION = YES;
				CLANG_WARN_DEPRECATED_OBJC_IMPLEMENTATIONS = YES;
				CLANG_WARN_DIRECT_OBJC_ISA_USAGE = YES_ERROR;
				CLANG_WARN_DOCUMENTATION_COMMENTS = YES;
				CLANG_WARN_EMPTY_BODY = YES;
				CLANG_WARN_ENUM_CONVERSION = YES;
				CLANG_WARN_INFINITE_RECURSION = YES;
				CLANG_WARN_INT_CONVERSION = YES;
				CLANG_WARN_NON_LITERAL_NULL_CONVERSION = YES;
				CLANG_WARN_OBJC_IMPLICIT_RETAIN_SELF = YES;
				CLANG_WARN_OBJC_LITERAL_CONVERSION = YES;
				CLANG_WARN_OBJC_ROOT_CLASS = YES_ERROR;
				CLANG_WARN_RANGE_LOOP_ANALYSIS = YES;
				CLANG_WARN_STRICT_PROTOTYPES = YES;
				CLANG_WARN_SUSPICIOUS_MOVE = YES;
				CLANG_WARN_UNGUARDED_AVAILABILITY = YES_AGGRESSIVE;
				CLANG_WARN_UNREACHABLE_CODE = YES;
				CLANG_WARN__DUPLICATE_METHOD_MATCH = YES;
				CODE_SIGN_IDENTITY = "-";
				COPY_PHASE_STRIP = NO;
				DEBUG_INFORMATION_FORMAT = "dwarf-with-dsym";
				ENABLE_NS_ASSERTIONS = NO;
				ENABLE_STRICT_OBJC_MSGSEND = YES;
				GCC_C_LANGUAGE_STANDARD = gnu11;
				GCC_NO_COMMON_BLOCKS = YES;
				GCC_WARN_64_TO_32_BIT_CONVERSION = YES;
				GCC_WARN_ABOUT_RETURN_TYPE = YES_ERROR;
				GCC_WARN_UNDECLARED_SELECTOR = YES;
				GCC_WARN_UNINITIALIZED_AUTOS = YES_AGGRESSIVE;
				GCC_WARN_UNUSED_FUNCTION = YES;
				GCC_WARN_UNUSED_VARIABLE = YES;
				MACOSX_DEPLOYMENT_TARGET = 10.13;
				MTL_ENABLE_DEBUG_INFO = NO;
				SDKROOT = macosx;
			};
			name = Release;
		};
		8C79B00920A493BC00390AB4 /* Debug */ = {
			isa = XCBuildConfiguration;
			buildSettings = {
				CODE_SIGN_STYLE = Automatic;
				PRODUCT_NAME = "$(TARGET_NAME)";
			};
			name = Debug;
		};
		8C79B00A20A493BC00390AB4 /* Release */ = {
			isa = XCBuildConfiguration;
			buildSettings = {
				CODE_SIGN_STYLE = Automatic;
				PRODUCT_NAME = "$(TARGET_NAME)";
			};
			name = Release;
		};
/* End XCBuildConfiguration section */

/* Begin XCConfigurationList section */
		8C79AFFC20A493BC00390AB4 /* Build configuration list for PBXProject "adventure" */ = {
			isa = XCConfigurationList;
			buildConfigurations = (
				8C79B00620A493BC00390AB4 /* Debug */,
				8C79B00720A493BC00390AB4 /* Release */,
			);
			defaultConfigurationIsVisible = 0;
			defaultConfigurationName = Release;
		};
		8C79B00820A493BC00390AB4 /* Build configuration list for PBXNativeTarget "adventure" */ = {
			isa = XCConfigurationList;
			buildConfigurations = (
				8C79B00920A493BC00390AB4 /* Debug */,
				8C79B00A20A493BC00390AB4 /* Release */,
			);
			defaultConfigurationIsVisible = 0;
			defaultConfigurationName = Release;
		};
/* End XCConfigurationList section */
	};
	rootObject = 8C79AFF920A493BC00390AB4 /* Project object */;
}
